// !$*UTF8*$!
{
	archiveVersion = 1;
	classes = {
	};
	objectVersion = 55;
	objects = {

/* Begin PBXBuildFile section */
		2067D53A28CC8E7E0032BA46 /* AppDelegate.swift in Sources */ = {isa = PBXBuildFile; fileRef = 2067D53928CC8E7E0032BA46 /* AppDelegate.swift */; };
		2067D53C28CC8E7E0032BA46 /* SceneDelegate.swift in Sources */ = {isa = PBXBuildFile; fileRef = 2067D53B28CC8E7E0032BA46 /* SceneDelegate.swift */; };
		2067D54128CC8E7E0032BA46 /* Main.storyboard in Resources */ = {isa = PBXBuildFile; fileRef = 2067D53F28CC8E7E0032BA46 /* Main.storyboard */; };
		2067D54328CC8E7F0032BA46 /* Assets.xcassets in Resources */ = {isa = PBXBuildFile; fileRef = 2067D54228CC8E7F0032BA46 /* Assets.xcassets */; };
		2067D54628CC8E7F0032BA46 /* LaunchScreen.storyboard in Resources */ = {isa = PBXBuildFile; fileRef = 2067D54428CC8E7F0032BA46 /* LaunchScreen.storyboard */; };
		2067D55128CC8E800032BA46 /* CatopediaTests.swift in Sources */ = {isa = PBXBuildFile; fileRef = 2067D55028CC8E800032BA46 /* CatopediaTests.swift */; };
		2067D55B28CC8E800032BA46 /* CatopediaUITests.swift in Sources */ = {isa = PBXBuildFile; fileRef = 2067D55A28CC8E800032BA46 /* CatopediaUITests.swift */; };
		2067D55D28CC8E800032BA46 /* CatopediaUITestsLaunchTests.swift in Sources */ = {isa = PBXBuildFile; fileRef = 2067D55C28CC8E800032BA46 /* CatopediaUITestsLaunchTests.swift */; };
		2067D57028CC91D40032BA46 /* BreedsListingViewController.swift in Sources */ = {isa = PBXBuildFile; fileRef = 2067D56F28CC91D40032BA46 /* BreedsListingViewController.swift */; };
		2067D57228CC92020032BA46 /* BreedsListingViewModel.swift in Sources */ = {isa = PBXBuildFile; fileRef = 2067D57128CC92020032BA46 /* BreedsListingViewModel.swift */; };
		2067D57428CC921A0032BA46 /* BreedsListingAPIConfiguration.swift in Sources */ = {isa = PBXBuildFile; fileRef = 2067D57328CC921A0032BA46 /* BreedsListingAPIConfiguration.swift */; };
		2067D57828CC924C0032BA46 /* NetworkManager.swift in Sources */ = {isa = PBXBuildFile; fileRef = 2067D57728CC924C0032BA46 /* NetworkManager.swift */; };
		2067D57B28CC932D0032BA46 /* RequestConfiguration.swift in Sources */ = {isa = PBXBuildFile; fileRef = 2067D57A28CC932D0032BA46 /* RequestConfiguration.swift */; };
		2067D57F28CC99E90032BA46 /* BreedsListTableViewCell.swift in Sources */ = {isa = PBXBuildFile; fileRef = 2067D57D28CC99E90032BA46 /* BreedsListTableViewCell.swift */; };
		2067D58028CC99E90032BA46 /* BreedsListTableViewCell.xib in Resources */ = {isa = PBXBuildFile; fileRef = 2067D57E28CC99E90032BA46 /* BreedsListTableViewCell.xib */; };
		2067D58328CC9FD40032BA46 /* URLList.swift in Sources */ = {isa = PBXBuildFile; fileRef = 2067D58228CC9FD40032BA46 /* URLList.swift */; };
		2067D58528CCA0B30032BA46 /* Breed.swift in Sources */ = {isa = PBXBuildFile; fileRef = 2067D58428CCA0B30032BA46 /* Breed.swift */; };
		95EDBAFFE21D74C6E41D531D /* Pods_Catopedia_CatopediaUITests.framework in Frameworks */ = {isa = PBXBuildFile; fileRef = 06C391BC5E9F7144B7139126 /* Pods_Catopedia_CatopediaUITests.framework */; };
		A285B151B380BB40A88BB862 /* Pods_CatopediaTests.framework in Frameworks */ = {isa = PBXBuildFile; fileRef = 42BA39B9685FDF2696755324 /* Pods_CatopediaTests.framework */; };
		C0F6EEAC6035EAD155D28B48 /* Pods_Catopedia.framework in Frameworks */ = {isa = PBXBuildFile; fileRef = 4786D1E61000B6B32537C2B3 /* Pods_Catopedia.framework */; };
/* End PBXBuildFile section */

/* Begin PBXContainerItemProxy section */
		2067D54D28CC8E800032BA46 /* PBXContainerItemProxy */ = {
			isa = PBXContainerItemProxy;
			containerPortal = 2067D52E28CC8E7E0032BA46 /* Project object */;
			proxyType = 1;
			remoteGlobalIDString = 2067D53528CC8E7E0032BA46;
			remoteInfo = Catopedia;
		};
		2067D55728CC8E800032BA46 /* PBXContainerItemProxy */ = {
			isa = PBXContainerItemProxy;
			containerPortal = 2067D52E28CC8E7E0032BA46 /* Project object */;
			proxyType = 1;
			remoteGlobalIDString = 2067D53528CC8E7E0032BA46;
			remoteInfo = Catopedia;
		};
/* End PBXContainerItemProxy section */

/* Begin PBXFileReference section */
		06C391BC5E9F7144B7139126 /* Pods_Catopedia_CatopediaUITests.framework */ = {isa = PBXFileReference; explicitFileType = wrapper.framework; includeInIndex = 0; path = Pods_Catopedia_CatopediaUITests.framework; sourceTree = BUILT_PRODUCTS_DIR; };
		18D9887D40F36FD87FE26E9B /* Pods-Catopedia-CatopediaUITests.debug.xcconfig */ = {isa = PBXFileReference; includeInIndex = 1; lastKnownFileType = text.xcconfig; name = "Pods-Catopedia-CatopediaUITests.debug.xcconfig"; path = "Target Support Files/Pods-Catopedia-CatopediaUITests/Pods-Catopedia-CatopediaUITests.debug.xcconfig"; sourceTree = "<group>"; };
		2067D53628CC8E7E0032BA46 /* Catopedia.app */ = {isa = PBXFileReference; explicitFileType = wrapper.application; includeInIndex = 0; path = Catopedia.app; sourceTree = BUILT_PRODUCTS_DIR; };
		2067D53928CC8E7E0032BA46 /* AppDelegate.swift */ = {isa = PBXFileReference; lastKnownFileType = sourcecode.swift; path = AppDelegate.swift; sourceTree = "<group>"; };
		2067D53B28CC8E7E0032BA46 /* SceneDelegate.swift */ = {isa = PBXFileReference; lastKnownFileType = sourcecode.swift; path = SceneDelegate.swift; sourceTree = "<group>"; };
		2067D54028CC8E7E0032BA46 /* Base */ = {isa = PBXFileReference; lastKnownFileType = file.storyboard; name = Base; path = Base.lproj/Main.storyboard; sourceTree = "<group>"; };
		2067D54228CC8E7F0032BA46 /* Assets.xcassets */ = {isa = PBXFileReference; lastKnownFileType = folder.assetcatalog; path = Assets.xcassets; sourceTree = "<group>"; };
		2067D54528CC8E7F0032BA46 /* Base */ = {isa = PBXFileReference; lastKnownFileType = file.storyboard; name = Base; path = Base.lproj/LaunchScreen.storyboard; sourceTree = "<group>"; };
		2067D54728CC8E7F0032BA46 /* Info.plist */ = {isa = PBXFileReference; lastKnownFileType = text.plist.xml; path = Info.plist; sourceTree = "<group>"; };
		2067D54C28CC8E800032BA46 /* CatopediaTests.xctest */ = {isa = PBXFileReference; explicitFileType = wrapper.cfbundle; includeInIndex = 0; path = CatopediaTests.xctest; sourceTree = BUILT_PRODUCTS_DIR; };
		2067D55028CC8E800032BA46 /* CatopediaTests.swift */ = {isa = PBXFileReference; lastKnownFileType = sourcecode.swift; path = CatopediaTests.swift; sourceTree = "<group>"; };
		2067D55628CC8E800032BA46 /* CatopediaUITests.xctest */ = {isa = PBXFileReference; explicitFileType = wrapper.cfbundle; includeInIndex = 0; path = CatopediaUITests.xctest; sourceTree = BUILT_PRODUCTS_DIR; };
		2067D55A28CC8E800032BA46 /* CatopediaUITests.swift */ = {isa = PBXFileReference; lastKnownFileType = sourcecode.swift; path = CatopediaUITests.swift; sourceTree = "<group>"; };
		2067D55C28CC8E800032BA46 /* CatopediaUITestsLaunchTests.swift */ = {isa = PBXFileReference; lastKnownFileType = sourcecode.swift; path = CatopediaUITestsLaunchTests.swift; sourceTree = "<group>"; };
		2067D56F28CC91D40032BA46 /* BreedsListingViewController.swift */ = {isa = PBXFileReference; lastKnownFileType = sourcecode.swift; path = BreedsListingViewController.swift; sourceTree = "<group>"; };
		2067D57128CC92020032BA46 /* BreedsListingViewModel.swift */ = {isa = PBXFileReference; lastKnownFileType = sourcecode.swift; path = BreedsListingViewModel.swift; sourceTree = "<group>"; };
		2067D57328CC921A0032BA46 /* BreedsListingAPIConfiguration.swift */ = {isa = PBXFileReference; lastKnownFileType = sourcecode.swift; path = BreedsListingAPIConfiguration.swift; sourceTree = "<group>"; };
		2067D57728CC924C0032BA46 /* NetworkManager.swift */ = {isa = PBXFileReference; lastKnownFileType = sourcecode.swift; path = NetworkManager.swift; sourceTree = "<group>"; };
		2067D57A28CC932D0032BA46 /* RequestConfiguration.swift */ = {isa = PBXFileReference; lastKnownFileType = sourcecode.swift; path = RequestConfiguration.swift; sourceTree = "<group>"; };
		2067D57D28CC99E90032BA46 /* BreedsListTableViewCell.swift */ = {isa = PBXFileReference; lastKnownFileType = sourcecode.swift; path = BreedsListTableViewCell.swift; sourceTree = "<group>"; };
		2067D57E28CC99E90032BA46 /* BreedsListTableViewCell.xib */ = {isa = PBXFileReference; lastKnownFileType = file.xib; path = BreedsListTableViewCell.xib; sourceTree = "<group>"; };
		2067D58228CC9FD40032BA46 /* URLList.swift */ = {isa = PBXFileReference; lastKnownFileType = sourcecode.swift; path = URLList.swift; sourceTree = "<group>"; };
		2067D58428CCA0B30032BA46 /* Breed.swift */ = {isa = PBXFileReference; lastKnownFileType = sourcecode.swift; path = Breed.swift; sourceTree = "<group>"; };
		313DF23F4907D1FB6C14315D /* Pods-CatopediaTests.debug.xcconfig */ = {isa = PBXFileReference; includeInIndex = 1; lastKnownFileType = text.xcconfig; name = "Pods-CatopediaTests.debug.xcconfig"; path = "Target Support Files/Pods-CatopediaTests/Pods-CatopediaTests.debug.xcconfig"; sourceTree = "<group>"; };
		42BA39B9685FDF2696755324 /* Pods_CatopediaTests.framework */ = {isa = PBXFileReference; explicitFileType = wrapper.framework; includeInIndex = 0; path = Pods_CatopediaTests.framework; sourceTree = BUILT_PRODUCTS_DIR; };
		4786D1E61000B6B32537C2B3 /* Pods_Catopedia.framework */ = {isa = PBXFileReference; explicitFileType = wrapper.framework; includeInIndex = 0; path = Pods_Catopedia.framework; sourceTree = BUILT_PRODUCTS_DIR; };
		66A9403836DE88D12AF08C54 /* Pods-Catopedia.release.xcconfig */ = {isa = PBXFileReference; includeInIndex = 1; lastKnownFileType = text.xcconfig; name = "Pods-Catopedia.release.xcconfig"; path = "Target Support Files/Pods-Catopedia/Pods-Catopedia.release.xcconfig"; sourceTree = "<group>"; };
		6F332553976F726EAEB27270 /* Pods-CatopediaTests.release.xcconfig */ = {isa = PBXFileReference; includeInIndex = 1; lastKnownFileType = text.xcconfig; name = "Pods-CatopediaTests.release.xcconfig"; path = "Target Support Files/Pods-CatopediaTests/Pods-CatopediaTests.release.xcconfig"; sourceTree = "<group>"; };
		75374CE7929FCFBE671EB032 /* Pods-Catopedia-CatopediaUITests.release.xcconfig */ = {isa = PBXFileReference; includeInIndex = 1; lastKnownFileType = text.xcconfig; name = "Pods-Catopedia-CatopediaUITests.release.xcconfig"; path = "Target Support Files/Pods-Catopedia-CatopediaUITests/Pods-Catopedia-CatopediaUITests.release.xcconfig"; sourceTree = "<group>"; };
		98A458D9E83D5A41F6DC71EB /* Pods-Catopedia.debug.xcconfig */ = {isa = PBXFileReference; includeInIndex = 1; lastKnownFileType = text.xcconfig; name = "Pods-Catopedia.debug.xcconfig"; path = "Target Support Files/Pods-Catopedia/Pods-Catopedia.debug.xcconfig"; sourceTree = "<group>"; };
/* End PBXFileReference section */

/* Begin PBXFrameworksBuildPhase section */
		2067D53328CC8E7E0032BA46 /* Frameworks */ = {
			isa = PBXFrameworksBuildPhase;
			buildActionMask = 2147483647;
			files = (
				C0F6EEAC6035EAD155D28B48 /* Pods_Catopedia.framework in Frameworks */,
			);
			runOnlyForDeploymentPostprocessing = 0;
		};
		2067D54928CC8E800032BA46 /* Frameworks */ = {
			isa = PBXFrameworksBuildPhase;
			buildActionMask = 2147483647;
			files = (
				A285B151B380BB40A88BB862 /* Pods_CatopediaTests.framework in Frameworks */,
			);
			runOnlyForDeploymentPostprocessing = 0;
		};
		2067D55328CC8E800032BA46 /* Frameworks */ = {
			isa = PBXFrameworksBuildPhase;
			buildActionMask = 2147483647;
			files = (
				95EDBAFFE21D74C6E41D531D /* Pods_Catopedia_CatopediaUITests.framework in Frameworks */,
			);
			runOnlyForDeploymentPostprocessing = 0;
		};
/* End PBXFrameworksBuildPhase section */

/* Begin PBXGroup section */
		12F8A7A970C321A2B3C7CC9D /* Pods */ = {
			isa = PBXGroup;
			children = (
				98A458D9E83D5A41F6DC71EB /* Pods-Catopedia.debug.xcconfig */,
				66A9403836DE88D12AF08C54 /* Pods-Catopedia.release.xcconfig */,
				18D9887D40F36FD87FE26E9B /* Pods-Catopedia-CatopediaUITests.debug.xcconfig */,
				75374CE7929FCFBE671EB032 /* Pods-Catopedia-CatopediaUITests.release.xcconfig */,
				313DF23F4907D1FB6C14315D /* Pods-CatopediaTests.debug.xcconfig */,
				6F332553976F726EAEB27270 /* Pods-CatopediaTests.release.xcconfig */,
			);
			name = Pods;
			path = Pods;
			sourceTree = "<group>";
		};
		2067D52D28CC8E7E0032BA46 = {
			isa = PBXGroup;
			children = (
				2067D53828CC8E7E0032BA46 /* Catopedia */,
				2067D54F28CC8E800032BA46 /* CatopediaTests */,
				2067D55928CC8E800032BA46 /* CatopediaUITests */,
				2067D53728CC8E7E0032BA46 /* Products */,
				12F8A7A970C321A2B3C7CC9D /* Pods */,
				FC8FE8480A2D9D38DB9E44E2 /* Frameworks */,
			);
			sourceTree = "<group>";
		};
		2067D53728CC8E7E0032BA46 /* Products */ = {
			isa = PBXGroup;
			children = (
				2067D53628CC8E7E0032BA46 /* Catopedia.app */,
				2067D54C28CC8E800032BA46 /* CatopediaTests.xctest */,
				2067D55628CC8E800032BA46 /* CatopediaUITests.xctest */,
			);
			name = Products;
			sourceTree = "<group>";
		};
		2067D53828CC8E7E0032BA46 /* Catopedia */ = {
			isa = PBXGroup;
			children = (
				2067D53928CC8E7E0032BA46 /* AppDelegate.swift */,
				2067D53B28CC8E7E0032BA46 /* SceneDelegate.swift */,
				2067D58128CC9FC30032BA46 /* AppConstants */,
				2067D56928CC913D0032BA46 /* Modules */,
				2067D57528CC922E0032BA46 /* Services */,
				2067D57928CC92640032BA46 /* Resources */,
				2067D53F28CC8E7E0032BA46 /* Main.storyboard */,
				2067D54428CC8E7F0032BA46 /* LaunchScreen.storyboard */,
				2067D54728CC8E7F0032BA46 /* Info.plist */,
			);
			path = Catopedia;
			sourceTree = "<group>";
		};
		2067D54F28CC8E800032BA46 /* CatopediaTests */ = {
			isa = PBXGroup;
			children = (
				2067D55028CC8E800032BA46 /* CatopediaTests.swift */,
			);
			path = CatopediaTests;
			sourceTree = "<group>";
		};
		2067D55928CC8E800032BA46 /* CatopediaUITests */ = {
			isa = PBXGroup;
			children = (
				2067D55A28CC8E800032BA46 /* CatopediaUITests.swift */,
				2067D55C28CC8E800032BA46 /* CatopediaUITestsLaunchTests.swift */,
			);
			path = CatopediaUITests;
			sourceTree = "<group>";
		};
		2067D56928CC913D0032BA46 /* Modules */ = {
			isa = PBXGroup;
			children = (
				2067D56A28CC914B0032BA46 /* Home */,
			);
			path = Modules;
			sourceTree = "<group>";
		};
		2067D56A28CC914B0032BA46 /* Home */ = {
			isa = PBXGroup;
			children = (
				2067D56E28CC916F0032BA46 /* APIConfig */,
				2067D56D28CC91670032BA46 /* Models */,
				2067D56C28CC91600032BA46 /* ViewModel */,
				2067D56B28CC915B0032BA46 /* Views */,
			);
			path = Home;
			sourceTree = "<group>";
		};
		2067D56B28CC915B0032BA46 /* Views */ = {
			isa = PBXGroup;
			children = (
				2067D57C28CC99CE0032BA46 /* Cells */,
				2067D56F28CC91D40032BA46 /* BreedsListingViewController.swift */,
			);
			path = Views;
			sourceTree = "<group>";
		};
		2067D56C28CC91600032BA46 /* ViewModel */ = {
			isa = PBXGroup;
			children = (
				2067D57128CC92020032BA46 /* BreedsListingViewModel.swift */,
			);
			path = ViewModel;
			sourceTree = "<group>";
		};
		2067D56D28CC91670032BA46 /* Models */ = {
			isa = PBXGroup;
			children = (
				2067D58428CCA0B30032BA46 /* Breed.swift */,
			);
			path = Models;
			sourceTree = "<group>";
		};
		2067D56E28CC916F0032BA46 /* APIConfig */ = {
			isa = PBXGroup;
			children = (
				2067D57328CC921A0032BA46 /* BreedsListingAPIConfiguration.swift */,
			);
			path = APIConfig;
			sourceTree = "<group>";
		};
		2067D57528CC922E0032BA46 /* Services */ = {
			isa = PBXGroup;
			children = (
				2067D57628CC92390032BA46 /* Network */,
			);
			path = Services;
			sourceTree = "<group>";
		};
		2067D57628CC92390032BA46 /* Network */ = {
			isa = PBXGroup;
			children = (
				2067D57728CC924C0032BA46 /* NetworkManager.swift */,
				2067D57A28CC932D0032BA46 /* RequestConfiguration.swift */,
			);
			path = Network;
			sourceTree = "<group>";
		};
		2067D57928CC92640032BA46 /* Resources */ = {
			isa = PBXGroup;
			children = (
				2067D54228CC8E7F0032BA46 /* Assets.xcassets */,
			);
			path = Resources;
			sourceTree = "<group>";
		};
		2067D57C28CC99CE0032BA46 /* Cells */ = {
			isa = PBXGroup;
			children = (
				2067D57D28CC99E90032BA46 /* BreedsListTableViewCell.swift */,
				2067D57E28CC99E90032BA46 /* BreedsListTableViewCell.xib */,
			);
			path = Cells;
			sourceTree = "<group>";
		};
		2067D58128CC9FC30032BA46 /* AppConstants */ = {
			isa = PBXGroup;
			children = (
				2067D58228CC9FD40032BA46 /* URLList.swift */,
			);
			path = AppConstants;
			sourceTree = "<group>";
		};
		FC8FE8480A2D9D38DB9E44E2 /* Frameworks */ = {
			isa = PBXGroup;
			children = (
				4786D1E61000B6B32537C2B3 /* Pods_Catopedia.framework */,
				06C391BC5E9F7144B7139126 /* Pods_Catopedia_CatopediaUITests.framework */,
				42BA39B9685FDF2696755324 /* Pods_CatopediaTests.framework */,
			);
			name = Frameworks;
			sourceTree = "<group>";
		};
/* End PBXGroup section */

/* Begin PBXNativeTarget section */
		2067D53528CC8E7E0032BA46 /* Catopedia */ = {
			isa = PBXNativeTarget;
			buildConfigurationList = 2067D56028CC8E800032BA46 /* Build configuration list for PBXNativeTarget "Catopedia" */;
			buildPhases = (
				3F0DF33CDB5F8EEEF404474F /* [CP] Check Pods Manifest.lock */,
				2067D53228CC8E7E0032BA46 /* Sources */,
				2067D53328CC8E7E0032BA46 /* Frameworks */,
				2067D53428CC8E7E0032BA46 /* Resources */,
				C1A3124F2A8555DA0D36A705 /* [CP] Embed Pods Frameworks */,
			);
			buildRules = (
			);
			dependencies = (
			);
			name = Catopedia;
			productName = Catopedia;
			productReference = 2067D53628CC8E7E0032BA46 /* Catopedia.app */;
			productType = "com.apple.product-type.application";
		};
		2067D54B28CC8E800032BA46 /* CatopediaTests */ = {
			isa = PBXNativeTarget;
			buildConfigurationList = 2067D56328CC8E800032BA46 /* Build configuration list for PBXNativeTarget "CatopediaTests" */;
			buildPhases = (
				F82CE8DCE5D6FD6FF362F3B0 /* [CP] Check Pods Manifest.lock */,
				2067D54828CC8E800032BA46 /* Sources */,
				2067D54928CC8E800032BA46 /* Frameworks */,
				2067D54A28CC8E800032BA46 /* Resources */,
			);
			buildRules = (
			);
			dependencies = (
				2067D54E28CC8E800032BA46 /* PBXTargetDependency */,
			);
			name = CatopediaTests;
			productName = CatopediaTests;
			productReference = 2067D54C28CC8E800032BA46 /* CatopediaTests.xctest */;
			productType = "com.apple.product-type.bundle.unit-test";
		};
		2067D55528CC8E800032BA46 /* CatopediaUITests */ = {
			isa = PBXNativeTarget;
			buildConfigurationList = 2067D56628CC8E800032BA46 /* Build configuration list for PBXNativeTarget "CatopediaUITests" */;
			buildPhases = (
				D0C2B39965A496232FFFE978 /* [CP] Check Pods Manifest.lock */,
				2067D55228CC8E800032BA46 /* Sources */,
				2067D55328CC8E800032BA46 /* Frameworks */,
				2067D55428CC8E800032BA46 /* Resources */,
				83E67AD85DA7123A9607611C /* [CP] Embed Pods Frameworks */,
			);
			buildRules = (
			);
			dependencies = (
				2067D55828CC8E800032BA46 /* PBXTargetDependency */,
			);
			name = CatopediaUITests;
			productName = CatopediaUITests;
			productReference = 2067D55628CC8E800032BA46 /* CatopediaUITests.xctest */;
			productType = "com.apple.product-type.bundle.ui-testing";
		};
/* End PBXNativeTarget section */

/* Begin PBXProject section */
		2067D52E28CC8E7E0032BA46 /* Project object */ = {
			isa = PBXProject;
			attributes = {
				BuildIndependentTargetsInParallel = 1;
				LastSwiftUpdateCheck = 1340;
				LastUpgradeCheck = 1340;
				TargetAttributes = {
					2067D53528CC8E7E0032BA46 = {
						CreatedOnToolsVersion = 13.4.1;
					};
					2067D54B28CC8E800032BA46 = {
						CreatedOnToolsVersion = 13.4.1;
						TestTargetID = 2067D53528CC8E7E0032BA46;
					};
					2067D55528CC8E800032BA46 = {
						CreatedOnToolsVersion = 13.4.1;
						TestTargetID = 2067D53528CC8E7E0032BA46;
					};
				};
			};
			buildConfigurationList = 2067D53128CC8E7E0032BA46 /* Build configuration list for PBXProject "Catopedia" */;
			compatibilityVersion = "Xcode 13.0";
			developmentRegion = en;
			hasScannedForEncodings = 0;
			knownRegions = (
				en,
				Base,
			);
			mainGroup = 2067D52D28CC8E7E0032BA46;
			productRefGroup = 2067D53728CC8E7E0032BA46 /* Products */;
			projectDirPath = "";
			projectRoot = "";
			targets = (
				2067D53528CC8E7E0032BA46 /* Catopedia */,
				2067D54B28CC8E800032BA46 /* CatopediaTests */,
				2067D55528CC8E800032BA46 /* CatopediaUITests */,
			);
		};
/* End PBXProject section */

/* Begin PBXResourcesBuildPhase section */
		2067D53428CC8E7E0032BA46 /* Resources */ = {
			isa = PBXResourcesBuildPhase;
			buildActionMask = 2147483647;
			files = (
				2067D58028CC99E90032BA46 /* BreedsListTableViewCell.xib in Resources */,
				2067D54628CC8E7F0032BA46 /* LaunchScreen.storyboard in Resources */,
				2067D54328CC8E7F0032BA46 /* Assets.xcassets in Resources */,
				2067D54128CC8E7E0032BA46 /* Main.storyboard in Resources */,
			);
			runOnlyForDeploymentPostprocessing = 0;
		};
		2067D54A28CC8E800032BA46 /* Resources */ = {
			isa = PBXResourcesBuildPhase;
			buildActionMask = 2147483647;
			files = (
			);
			runOnlyForDeploymentPostprocessing = 0;
		};
		2067D55428CC8E800032BA46 /* Resources */ = {
			isa = PBXResourcesBuildPhase;
			buildActionMask = 2147483647;
			files = (
			);
			runOnlyForDeploymentPostprocessing = 0;
		};
/* End PBXResourcesBuildPhase section */

/* Begin PBXShellScriptBuildPhase section */
		3F0DF33CDB5F8EEEF404474F /* [CP] Check Pods Manifest.lock */ = {
			isa = PBXShellScriptBuildPhase;
			buildActionMask = 2147483647;
			files = (
			);
			inputFileListPaths = (
			);
			inputPaths = (
				"${PODS_PODFILE_DIR_PATH}/Podfile.lock",
				"${PODS_ROOT}/Manifest.lock",
			);
			name = "[CP] Check Pods Manifest.lock";
			outputFileListPaths = (
			);
			outputPaths = (
				"$(DERIVED_FILE_DIR)/Pods-Catopedia-checkManifestLockResult.txt",
			);
			runOnlyForDeploymentPostprocessing = 0;
			shellPath = /bin/sh;
			shellScript = "diff \"${PODS_PODFILE_DIR_PATH}/Podfile.lock\" \"${PODS_ROOT}/Manifest.lock\" > /dev/null\nif [ $? != 0 ] ; then\n    # print error to STDERR\n    echo \"error: The sandbox is not in sync with the Podfile.lock. Run 'pod install' or update your CocoaPods installation.\" >&2\n    exit 1\nfi\n# This output is used by Xcode 'outputs' to avoid re-running this script phase.\necho \"SUCCESS\" > \"${SCRIPT_OUTPUT_FILE_0}\"\n";
			showEnvVarsInLog = 0;
		};
		83E67AD85DA7123A9607611C /* [CP] Embed Pods Frameworks */ = {
			isa = PBXShellScriptBuildPhase;
			buildActionMask = 2147483647;
			files = (
			);
			inputFileListPaths = (
				"${PODS_ROOT}/Target Support Files/Pods-Catopedia-CatopediaUITests/Pods-Catopedia-CatopediaUITests-frameworks-${CONFIGURATION}-input-files.xcfilelist",
			);
			name = "[CP] Embed Pods Frameworks";
			outputFileListPaths = (
				"${PODS_ROOT}/Target Support Files/Pods-Catopedia-CatopediaUITests/Pods-Catopedia-CatopediaUITests-frameworks-${CONFIGURATION}-output-files.xcfilelist",
			);
			runOnlyForDeploymentPostprocessing = 0;
			shellPath = /bin/sh;
			shellScript = "\"${PODS_ROOT}/Target Support Files/Pods-Catopedia-CatopediaUITests/Pods-Catopedia-CatopediaUITests-frameworks.sh\"\n";
			showEnvVarsInLog = 0;
		};
		C1A3124F2A8555DA0D36A705 /* [CP] Embed Pods Frameworks */ = {
			isa = PBXShellScriptBuildPhase;
			buildActionMask = 2147483647;
			files = (
			);
			inputFileListPaths = (
				"${PODS_ROOT}/Target Support Files/Pods-Catopedia/Pods-Catopedia-frameworks-${CONFIGURATION}-input-files.xcfilelist",
			);
			name = "[CP] Embed Pods Frameworks";
			outputFileListPaths = (
				"${PODS_ROOT}/Target Support Files/Pods-Catopedia/Pods-Catopedia-frameworks-${CONFIGURATION}-output-files.xcfilelist",
			);
			runOnlyForDeploymentPostprocessing = 0;
			shellPath = /bin/sh;
			shellScript = "\"${PODS_ROOT}/Target Support Files/Pods-Catopedia/Pods-Catopedia-frameworks.sh\"\n";
			showEnvVarsInLog = 0;
		};
		D0C2B39965A496232FFFE978 /* [CP] Check Pods Manifest.lock */ = {
			isa = PBXShellScriptBuildPhase;
			buildActionMask = 2147483647;
			files = (
			);
			inputFileListPaths = (
			);
			inputPaths = (
				"${PODS_PODFILE_DIR_PATH}/Podfile.lock",
				"${PODS_ROOT}/Manifest.lock",
			);
			name = "[CP] Check Pods Manifest.lock";
			outputFileListPaths = (
			);
			outputPaths = (
				"$(DERIVED_FILE_DIR)/Pods-Catopedia-CatopediaUITests-checkManifestLockResult.txt",
			);
			runOnlyForDeploymentPostprocessing = 0;
			shellPath = /bin/sh;
			shellScript = "diff \"${PODS_PODFILE_DIR_PATH}/Podfile.lock\" \"${PODS_ROOT}/Manifest.lock\" > /dev/null\nif [ $? != 0 ] ; then\n    # print error to STDERR\n    echo \"error: The sandbox is not in sync with the Podfile.lock. Run 'pod install' or update your CocoaPods installation.\" >&2\n    exit 1\nfi\n# This output is used by Xcode 'outputs' to avoid re-running this script phase.\necho \"SUCCESS\" > \"${SCRIPT_OUTPUT_FILE_0}\"\n";
			showEnvVarsInLog = 0;
		};
		F82CE8DCE5D6FD6FF362F3B0 /* [CP] Check Pods Manifest.lock */ = {
			isa = PBXShellScriptBuildPhase;
			buildActionMask = 2147483647;
			files = (
			);
			inputFileListPaths = (
			);
			inputPaths = (
				"${PODS_PODFILE_DIR_PATH}/Podfile.lock",
				"${PODS_ROOT}/Manifest.lock",
			);
			name = "[CP] Check Pods Manifest.lock";
			outputFileListPaths = (
			);
			outputPaths = (
				"$(DERIVED_FILE_DIR)/Pods-CatopediaTests-checkManifestLockResult.txt",
			);
			runOnlyForDeploymentPostprocessing = 0;
			shellPath = /bin/sh;
			shellScript = "diff \"${PODS_PODFILE_DIR_PATH}/Podfile.lock\" \"${PODS_ROOT}/Manifest.lock\" > /dev/null\nif [ $? != 0 ] ; then\n    # print error to STDERR\n    echo \"error: The sandbox is not in sync with the Podfile.lock. Run 'pod install' or update your CocoaPods installation.\" >&2\n    exit 1\nfi\n# This output is used by Xcode 'outputs' to avoid re-running this script phase.\necho \"SUCCESS\" > \"${SCRIPT_OUTPUT_FILE_0}\"\n";
			showEnvVarsInLog = 0;
		};
/* End PBXShellScriptBuildPhase section */

/* Begin PBXSourcesBuildPhase section */
		2067D53228CC8E7E0032BA46 /* Sources */ = {
			isa = PBXSourcesBuildPhase;
			buildActionMask = 2147483647;
			files = (
				2067D53A28CC8E7E0032BA46 /* AppDelegate.swift in Sources */,
				2067D57028CC91D40032BA46 /* BreedsListingViewController.swift in Sources */,
				2067D57B28CC932D0032BA46 /* RequestConfiguration.swift in Sources */,
				2067D57828CC924C0032BA46 /* NetworkManager.swift in Sources */,
				2067D57F28CC99E90032BA46 /* BreedsListTableViewCell.swift in Sources */,
				2067D57228CC92020032BA46 /* BreedsListingViewModel.swift in Sources */,
				2067D53C28CC8E7E0032BA46 /* SceneDelegate.swift in Sources */,
				2067D58328CC9FD40032BA46 /* URLList.swift in Sources */,
				2067D58528CCA0B30032BA46 /* Breed.swift in Sources */,
				2067D57428CC921A0032BA46 /* BreedsListingAPIConfiguration.swift in Sources */,
			);
			runOnlyForDeploymentPostprocessing = 0;
		};
		2067D54828CC8E800032BA46 /* Sources */ = {
			isa = PBXSourcesBuildPhase;
			buildActionMask = 2147483647;
			files = (
				2067D55128CC8E800032BA46 /* CatopediaTests.swift in Sources */,
			);
			runOnlyForDeploymentPostprocessing = 0;
		};
		2067D55228CC8E800032BA46 /* Sources */ = {
			isa = PBXSourcesBuildPhase;
			buildActionMask = 2147483647;
			files = (
				2067D55B28CC8E800032BA46 /* CatopediaUITests.swift in Sources */,
				2067D55D28CC8E800032BA46 /* CatopediaUITestsLaunchTests.swift in Sources */,
			);
			runOnlyForDeploymentPostprocessing = 0;
		};
/* End PBXSourcesBuildPhase section */

/* Begin PBXTargetDependency section */
		2067D54E28CC8E800032BA46 /* PBXTargetDependency */ = {
			isa = PBXTargetDependency;
			target = 2067D53528CC8E7E0032BA46 /* Catopedia */;
			targetProxy = 2067D54D28CC8E800032BA46 /* PBXContainerItemProxy */;
		};
		2067D55828CC8E800032BA46 /* PBXTargetDependency */ = {
			isa = PBXTargetDependency;
			target = 2067D53528CC8E7E0032BA46 /* Catopedia */;
			targetProxy = 2067D55728CC8E800032BA46 /* PBXContainerItemProxy */;
		};
/* End PBXTargetDependency section */

/* Begin PBXVariantGroup section */
		2067D53F28CC8E7E0032BA46 /* Main.storyboard */ = {
			isa = PBXVariantGroup;
			children = (
				2067D54028CC8E7E0032BA46 /* Base */,
			);
			name = Main.storyboard;
			sourceTree = "<group>";
		};
		2067D54428CC8E7F0032BA46 /* LaunchScreen.storyboard */ = {
			isa = PBXVariantGroup;
			children = (
				2067D54528CC8E7F0032BA46 /* Base */,
			);
			name = LaunchScreen.storyboard;
			sourceTree = "<group>";
		};
/* End PBXVariantGroup section */

/* Begin XCBuildConfiguration section */
		2067D55E28CC8E800032BA46 /* Debug */ = {
			isa = XCBuildConfiguration;
			buildSettings = {
				ALWAYS_SEARCH_USER_PATHS = NO;
				CLANG_ANALYZER_NONNULL = YES;
				CLANG_ANALYZER_NUMBER_OBJECT_CONVERSION = YES_AGGRESSIVE;
				CLANG_CXX_LANGUAGE_STANDARD = "gnu++17";
				CLANG_ENABLE_MODULES = YES;
				CLANG_ENABLE_OBJC_ARC = YES;
				CLANG_ENABLE_OBJC_WEAK = YES;
				CLANG_WARN_BLOCK_CAPTURE_AUTORELEASING = YES;
				CLANG_WARN_BOOL_CONVERSION = YES;
				CLANG_WARN_COMMA = YES;
				CLANG_WARN_CONSTANT_CONVERSION = YES;
				CLANG_WARN_DEPRECATED_OBJC_IMPLEMENTATIONS = YES;
				CLANG_WARN_DIRECT_OBJC_ISA_USAGE = YES_ERROR;
				CLANG_WARN_DOCUMENTATION_COMMENTS = YES;
				CLANG_WARN_EMPTY_BODY = YES;
				CLANG_WARN_ENUM_CONVERSION = YES;
				CLANG_WARN_INFINITE_RECURSION = YES;
				CLANG_WARN_INT_CONVERSION = YES;
				CLANG_WARN_NON_LITERAL_NULL_CONVERSION = YES;
				CLANG_WARN_OBJC_IMPLICIT_RETAIN_SELF = YES;
				CLANG_WARN_OBJC_LITERAL_CONVERSION = YES;
				CLANG_WARN_OBJC_ROOT_CLASS = YES_ERROR;
				CLANG_WARN_QUOTED_INCLUDE_IN_FRAMEWORK_HEADER = YES;
				CLANG_WARN_RANGE_LOOP_ANALYSIS = YES;
				CLANG_WARN_STRICT_PROTOTYPES = YES;
				CLANG_WARN_SUSPICIOUS_MOVE = YES;
				CLANG_WARN_UNGUARDED_AVAILABILITY = YES_AGGRESSIVE;
				CLANG_WARN_UNREACHABLE_CODE = YES;
				CLANG_WARN__DUPLICATE_METHOD_MATCH = YES;
				COPY_PHASE_STRIP = NO;
				DEBUG_INFORMATION_FORMAT = dwarf;
				ENABLE_STRICT_OBJC_MSGSEND = YES;
				ENABLE_TESTABILITY = YES;
				GCC_C_LANGUAGE_STANDARD = gnu11;
				GCC_DYNAMIC_NO_PIC = NO;
				GCC_NO_COMMON_BLOCKS = YES;
				GCC_OPTIMIZATION_LEVEL = 0;
				GCC_PREPROCESSOR_DEFINITIONS = (
					"DEBUG=1",
					"$(inherited)",
				);
				GCC_WARN_64_TO_32_BIT_CONVERSION = YES;
				GCC_WARN_ABOUT_RETURN_TYPE = YES_ERROR;
				GCC_WARN_UNDECLARED_SELECTOR = YES;
				GCC_WARN_UNINITIALIZED_AUTOS = YES_AGGRESSIVE;
				GCC_WARN_UNUSED_FUNCTION = YES;
				GCC_WARN_UNUSED_VARIABLE = YES;
				IPHONEOS_DEPLOYMENT_TARGET = 15.5;
				MTL_ENABLE_DEBUG_INFO = INCLUDE_SOURCE;
				MTL_FAST_MATH = YES;
				ONLY_ACTIVE_ARCH = YES;
				SDKROOT = iphoneos;
				SWIFT_ACTIVE_COMPILATION_CONDITIONS = DEBUG;
				SWIFT_OPTIMIZATION_LEVEL = "-Onone";
			};
			name = Debug;
		};
		2067D55F28CC8E800032BA46 /* Release */ = {
			isa = XCBuildConfiguration;
			buildSettings = {
				ALWAYS_SEARCH_USER_PATHS = NO;
				CLANG_ANALYZER_NONNULL = YES;
				CLANG_ANALYZER_NUMBER_OBJECT_CONVERSION = YES_AGGRESSIVE;
				CLANG_CXX_LANGUAGE_STANDARD = "gnu++17";
				CLANG_ENABLE_MODULES = YES;
				CLANG_ENABLE_OBJC_ARC = YES;
				CLANG_ENABLE_OBJC_WEAK = YES;
				CLANG_WARN_BLOCK_CAPTURE_AUTORELEASING = YES;
				CLANG_WARN_BOOL_CONVERSION = YES;
				CLANG_WARN_COMMA = YES;
				CLANG_WARN_CONSTANT_CONVERSION = YES;
				CLANG_WARN_DEPRECATED_OBJC_IMPLEMENTATIONS = YES;
				CLANG_WARN_DIRECT_OBJC_ISA_USAGE = YES_ERROR;
				CLANG_WARN_DOCUMENTATION_COMMENTS = YES;
				CLANG_WARN_EMPTY_BODY = YES;
				CLANG_WARN_ENUM_CONVERSION = YES;
				CLANG_WARN_INFINITE_RECURSION = YES;
				CLANG_WARN_INT_CONVERSION = YES;
				CLANG_WARN_NON_LITERAL_NULL_CONVERSION = YES;
				CLANG_WARN_OBJC_IMPLICIT_RETAIN_SELF = YES;
				CLANG_WARN_OBJC_LITERAL_CONVERSION = YES;
				CLANG_WARN_OBJC_ROOT_CLASS = YES_ERROR;
				CLANG_WARN_QUOTED_INCLUDE_IN_FRAMEWORK_HEADER = YES;
				CLANG_WARN_RANGE_LOOP_ANALYSIS = YES;
				CLANG_WARN_STRICT_PROTOTYPES = YES;
				CLANG_WARN_SUSPICIOUS_MOVE = YES;
				CLANG_WARN_UNGUARDED_AVAILABILITY = YES_AGGRESSIVE;
				CLANG_WARN_UNREACHABLE_CODE = YES;
				CLANG_WARN__DUPLICATE_METHOD_MATCH = YES;
				COPY_PHASE_STRIP = NO;
				DEBUG_INFORMATION_FORMAT = "dwarf-with-dsym";
				ENABLE_NS_ASSERTIONS = NO;
				ENABLE_STRICT_OBJC_MSGSEND = YES;
				GCC_C_LANGUAGE_STANDARD = gnu11;
				GCC_NO_COMMON_BLOCKS = YES;
				GCC_WARN_64_TO_32_BIT_CONVERSION = YES;
				GCC_WARN_ABOUT_RETURN_TYPE = YES_ERROR;
				GCC_WARN_UNDECLARED_SELECTOR = YES;
				GCC_WARN_UNINITIALIZED_AUTOS = YES_AGGRESSIVE;
				GCC_WARN_UNUSED_FUNCTION = YES;
				GCC_WARN_UNUSED_VARIABLE = YES;
				IPHONEOS_DEPLOYMENT_TARGET = 15.5;
				MTL_ENABLE_DEBUG_INFO = NO;
				MTL_FAST_MATH = YES;
				SDKROOT = iphoneos;
				SWIFT_COMPILATION_MODE = wholemodule;
				SWIFT_OPTIMIZATION_LEVEL = "-O";
				VALIDATE_PRODUCT = YES;
			};
			name = Release;
		};
		2067D56128CC8E800032BA46 /* Debug */ = {
			isa = XCBuildConfiguration;
			baseConfigurationReference = 98A458D9E83D5A41F6DC71EB /* Pods-Catopedia.debug.xcconfig */;
			buildSettings = {
				ASSETCATALOG_COMPILER_APPICON_NAME = AppIcon;
				ASSETCATALOG_COMPILER_GLOBAL_ACCENT_COLOR_NAME = AccentColor;
				CODE_SIGN_STYLE = Automatic;
				CURRENT_PROJECT_VERSION = 1;
				GENERATE_INFOPLIST_FILE = YES;
				INFOPLIST_FILE = Catopedia/Info.plist;
				INFOPLIST_KEY_UIApplicationSupportsIndirectInputEvents = YES;
				INFOPLIST_KEY_UILaunchStoryboardName = LaunchScreen;
				INFOPLIST_KEY_UIMainStoryboardFile = Main;
				INFOPLIST_KEY_UISupportedInterfaceOrientations_iPad = "UIInterfaceOrientationPortrait UIInterfaceOrientationPortraitUpsideDown UIInterfaceOrientationLandscapeLeft UIInterfaceOrientationLandscapeRight";
				INFOPLIST_KEY_UISupportedInterfaceOrientations_iPhone = "UIInterfaceOrientationPortrait UIInterfaceOrientationLandscapeLeft UIInterfaceOrientationLandscapeRight";
				LD_RUNPATH_SEARCH_PATHS = (
					"$(inherited)",
					"@executable_path/Frameworks",
				);
				MARKETING_VERSION = 1.0;
				PRODUCT_BUNDLE_IDENTIFIER = taniajasam.Catopedia;
				PRODUCT_NAME = "$(TARGET_NAME)";
				SWIFT_EMIT_LOC_STRINGS = YES;
				SWIFT_VERSION = 5.0;
				TARGETED_DEVICE_FAMILY = "1,2";
			};
			name = Debug;
		};
		2067D56228CC8E800032BA46 /* Release */ = {
			isa = XCBuildConfiguration;
			baseConfigurationReference = 66A9403836DE88D12AF08C54 /* Pods-Catopedia.release.xcconfig */;
			buildSettings = {
				ASSETCATALOG_COMPILER_APPICON_NAME = AppIcon;
				ASSETCATALOG_COMPILER_GLOBAL_ACCENT_COLOR_NAME = AccentColor;
				CODE_SIGN_STYLE = Automatic;
				CURRENT_PROJECT_VERSION = 1;
				GENERATE_INFOPLIST_FILE = YES;
				INFOPLIST_FILE = Catopedia/Info.plist;
				INFOPLIST_KEY_UIApplicationSupportsIndirectInputEvents = YES;
				INFOPLIST_KEY_UILaunchStoryboardName = LaunchScreen;
				INFOPLIST_KEY_UIMainStoryboardFile = Main;
				INFOPLIST_KEY_UISupportedInterfaceOrientations_iPad = "UIInterfaceOrientationPortrait UIInterfaceOrientationPortraitUpsideDown UIInterfaceOrientationLandscapeLeft UIInterfaceOrientationLandscapeRight";
				INFOPLIST_KEY_UISupportedInterfaceOrientations_iPhone = "UIInterfaceOrientationPortrait UIInterfaceOrientationLandscapeLeft UIInterfaceOrientationLandscapeRight";
				LD_RUNPATH_SEARCH_PATHS = (
					"$(inherited)",
					"@executable_path/Frameworks",
				);
				MARKETING_VERSION = 1.0;
				PRODUCT_BUNDLE_IDENTIFIER = taniajasam.Catopedia;
				PRODUCT_NAME = "$(TARGET_NAME)";
				SWIFT_EMIT_LOC_STRINGS = YES;
				SWIFT_VERSION = 5.0;
				TARGETED_DEVICE_FAMILY = "1,2";
			};
			name = Release;
		};
		2067D56428CC8E800032BA46 /* Debug */ = {
			isa = XCBuildConfiguration;
			baseConfigurationReference = 313DF23F4907D1FB6C14315D /* Pods-CatopediaTests.debug.xcconfig */;
			buildSettings = {
				ALWAYS_EMBED_SWIFT_STANDARD_LIBRARIES = YES;
				BUNDLE_LOADER = "$(TEST_HOST)";
				CODE_SIGN_STYLE = Automatic;
				CURRENT_PROJECT_VERSION = 1;
				GENERATE_INFOPLIST_FILE = YES;
				IPHONEOS_DEPLOYMENT_TARGET = 15.5;
				MARKETING_VERSION = 1.0;
				PRODUCT_BUNDLE_IDENTIFIER = taniajasam.CatopediaTests;
				PRODUCT_NAME = "$(TARGET_NAME)";
				SWIFT_EMIT_LOC_STRINGS = NO;
				SWIFT_VERSION = 5.0;
				TARGETED_DEVICE_FAMILY = "1,2";
				TEST_HOST = "$(BUILT_PRODUCTS_DIR)/Catopedia.app/Catopedia";
			};
			name = Debug;
		};
		2067D56528CC8E800032BA46 /* Release */ = {
			isa = XCBuildConfiguration;
			baseConfigurationReference = 6F332553976F726EAEB27270 /* Pods-CatopediaTests.release.xcconfig */;
			buildSettings = {
				ALWAYS_EMBED_SWIFT_STANDARD_LIBRARIES = YES;
				BUNDLE_LOADER = "$(TEST_HOST)";
				CODE_SIGN_STYLE = Automatic;
				CURRENT_PROJECT_VERSION = 1;
				GENERATE_INFOPLIST_FILE = YES;
				IPHONEOS_DEPLOYMENT_TARGET = 15.5;
				MARKETING_VERSION = 1.0;
				PRODUCT_BUNDLE_IDENTIFIER = taniajasam.CatopediaTests;
				PRODUCT_NAME = "$(TARGET_NAME)";
				SWIFT_EMIT_LOC_STRINGS = NO;
				SWIFT_VERSION = 5.0;
				TARGETED_DEVICE_FAMILY = "1,2";
				TEST_HOST = "$(BUILT_PRODUCTS_DIR)/Catopedia.app/Catopedia";
			};
			name = Release;
		};
		2067D56728CC8E800032BA46 /* Debug */ = {
			isa = XCBuildConfiguration;
			baseConfigurationReference = 18D9887D40F36FD87FE26E9B /* Pods-Catopedia-CatopediaUITests.debug.xcconfig */;
			buildSettings = {
				ALWAYS_EMBED_SWIFT_STANDARD_LIBRARIES = YES;
				CODE_SIGN_STYLE = Automatic;
				CURRENT_PROJECT_VERSION = 1;
				GENERATE_INFOPLIST_FILE = YES;
				MARKETING_VERSION = 1.0;
				PRODUCT_BUNDLE_IDENTIFIER = taniajasam.CatopediaUITests;
				PRODUCT_NAME = "$(TARGET_NAME)";
				SWIFT_EMIT_LOC_STRINGS = NO;
				SWIFT_VERSION = 5.0;
				TARGETED_DEVICE_FAMILY = "1,2";
				TEST_TARGET_NAME = Catopedia;
			};
			name = Debug;
		};
		2067D56828CC8E800032BA46 /* Release */ = {
			isa = XCBuildConfiguration;
			baseConfigurationReference = 75374CE7929FCFBE671EB032 /* Pods-Catopedia-CatopediaUITests.release.xcconfig */;
			buildSettings = {
				ALWAYS_EMBED_SWIFT_STANDARD_LIBRARIES = YES;
				CODE_SIGN_STYLE = Automatic;
				CURRENT_PROJECT_VERSION = 1;
				GENERATE_INFOPLIST_FILE = YES;
				MARKETING_VERSION = 1.0;
				PRODUCT_BUNDLE_IDENTIFIER = taniajasam.CatopediaUITests;
				PRODUCT_NAME = "$(TARGET_NAME)";
				SWIFT_EMIT_LOC_STRINGS = NO;
				SWIFT_VERSION = 5.0;
				TARGETED_DEVICE_FAMILY = "1,2";
				TEST_TARGET_NAME = Catopedia;
			};
			name = Release;
		};
/* End XCBuildConfiguration section */

/* Begin XCConfigurationList section */
		2067D53128CC8E7E0032BA46 /* Build configuration list for PBXProject "Catopedia" */ = {
			isa = XCConfigurationList;
			buildConfigurations = (
				2067D55E28CC8E800032BA46 /* Debug */,
				2067D55F28CC8E800032BA46 /* Release */,
			);
			defaultConfigurationIsVisible = 0;
			defaultConfigurationName = Release;
		};
		2067D56028CC8E800032BA46 /* Build configuration list for PBXNativeTarget "Catopedia" */ = {
			isa = XCConfigurationList;
			buildConfigurations = (
				2067D56128CC8E800032BA46 /* Debug */,
				2067D56228CC8E800032BA46 /* Release */,
			);
			defaultConfigurationIsVisible = 0;
			defaultConfigurationName = Release;
		};
		2067D56328CC8E800032BA46 /* Build configuration list for PBXNativeTarget "CatopediaTests" */ = {
			isa = XCConfigurationList;
			buildConfigurations = (
				2067D56428CC8E800032BA46 /* Debug */,
				2067D56528CC8E800032BA46 /* Release */,
			);
			defaultConfigurationIsVisible = 0;
			defaultConfigurationName = Release;
		};
		2067D56628CC8E800032BA46 /* Build configuration list for PBXNativeTarget "CatopediaUITests" */ = {
			isa = XCConfigurationList;
			buildConfigurations = (
				2067D56728CC8E800032BA46 /* Debug */,
				2067D56828CC8E800032BA46 /* Release */,
			);
			defaultConfigurationIsVisible = 0;
			defaultConfigurationName = Release;
		};
/* End XCConfigurationList section */
	};
	rootObject = 2067D52E28CC8E7E0032BA46 /* Project object */;
}
